
Microsoft Visual Studio Solution File, Format Version 12.00
# Visual Studio Version 17
VisualStudioVersion = 17.11.35222.181
MinimumVisualStudioVersion = 10.0.40219.1
Project("{FAE04EC0-301F-11D3-BF4B-00C04F79EFBC}") = "sprawPrezenty", "sprawPrezenty\sprawPrezenty.csproj", "{8D8A2323-9D54-43C4-ACCD-74575D440844}"
EndProject
Global
	GlobalSection(SolutionConfigurationPlatforms) = preSolution
		Debug|Any CPU = Debug|Any CPU
		Release|Any CPU = Release|Any CPU
	EndGlobalSection
	GlobalSection(ProjectConfigurationPlatforms) = postSolution
		{8D8A2323-9D54-43C4-ACCD-74575D440844}.Debug|Any CPU.ActiveCfg = Debug|Any CPU
		{8D8A2323-9D54-43C4-ACCD-74575D440844}.Debug|Any CPU.Build.0 = Debug|Any CPU
		{8D8A2323-9D54-43C4-ACCD-74575D440844}.Release|Any CPU.ActiveCfg = Release|Any CPU
		{8D8A2323-9D54-43C4-ACCD-74575D440844}.Release|Any CPU.Build.0 = Release|Any CPU
	EndGlobalSection
	GlobalSection(SolutionProperties) = preSolution
		HideSolutionNode = FALSE
	EndGlobalSection
	GlobalSection(ExtensibilityGlobals) = postSolution
		SolutionGuid = {8EA237FF-7A4E-4717-8D63-FD797286D8AF}
	EndGlobalSection
EndGlobal
